{
  "name": "daedalus",
  "version": "0.0.1",
  "lockfileVersion": 1,
  "requires": true,
  "dependencies": {
    "goblin": {
      "version": "git+https://github.com/Noodep/goblin.git#8ae9841cbcadf9dd505a42fc60de1bba508bbd90",
      "from": "git+https://github.com/Noodep/goblin.git#develop",
      "dev": true
    }
  }
}
